
Microsoft Visual Studio Solution File, Format Version 12.00
# Visual Studio Version 16
VisualStudioVersion = 16.0.29709.97
MinimumVisualStudioVersion = 10.0.40219.1
Project("{FAE04EC0-301F-11D3-BF4B-00C04F79EFBC}") = "delegate_3", "delegate_3\delegate_3.csproj", "{3EF88197-E0B2-4DCC-82C4-F36446475817}"
EndProject
Global
	GlobalSection(SolutionConfigurationPlatforms) = preSolution
		Debug|Any CPU = Debug|Any CPU
		Release|Any CPU = Release|Any CPU
	EndGlobalSection
	GlobalSection(ProjectConfigurationPlatforms) = postSolution
		{3EF88197-E0B2-4DCC-82C4-F36446475817}.Debug|Any CPU.ActiveCfg = Debug|Any CPU
		{3EF88197-E0B2-4DCC-82C4-F36446475817}.Debug|Any CPU.Build.0 = Debug|Any CPU
		{3EF88197-E0B2-4DCC-82C4-F36446475817}.Release|Any CPU.ActiveCfg = Release|Any CPU
		{3EF88197-E0B2-4DCC-82C4-F36446475817}.Release|Any CPU.Build.0 = Release|Any CPU
	EndGlobalSection
	GlobalSection(SolutionProperties) = preSolution
		HideSolutionNode = FALSE
	EndGlobalSection
	GlobalSection(ExtensibilityGlobals) = postSolution
		SolutionGuid = {4380C609-4417-4842-B606-D828816126E5}
	EndGlobalSection
EndGlobal
